// !$*UTF8*$!
{
	archiveVersion = 1;
	classes = {
	};
	objectVersion = 50;
	objects = {

/* Begin PBXBuildFile section */
		401641BB22F91E4E009EB1F9 /* LaunchScreenViewController.swift in Sources */ = {isa = PBXBuildFile; fileRef = 401641BA22F91E4E009EB1F9 /* LaunchScreenViewController.swift */; };
		40A1568622F8B36700213C2D /* AppDelegate.swift in Sources */ = {isa = PBXBuildFile; fileRef = 40A1568522F8B36700213C2D /* AppDelegate.swift */; };
		40A1568822F8B36700213C2D /* ViewController.swift in Sources */ = {isa = PBXBuildFile; fileRef = 40A1568722F8B36700213C2D /* ViewController.swift */; };
		40A1568B22F8B36700213C2D /* Main.storyboard in Resources */ = {isa = PBXBuildFile; fileRef = 40A1568922F8B36700213C2D /* Main.storyboard */; };
		40A1568D22F8B36700213C2D /* Assets.xcassets in Resources */ = {isa = PBXBuildFile; fileRef = 40A1568C22F8B36700213C2D /* Assets.xcassets */; };
		40A1569022F8B36700213C2D /* LaunchScreen.storyboard in Resources */ = {isa = PBXBuildFile; fileRef = 40A1568E22F8B36700213C2D /* LaunchScreen.storyboard */; };
		40A1569B22F8B36800213C2D /* Fast_TapTests.swift in Sources */ = {isa = PBXBuildFile; fileRef = 40A1569A22F8B36800213C2D /* Fast_TapTests.swift */; };
		40A156A622F8B36800213C2D /* Fast_TapUITests.swift in Sources */ = {isa = PBXBuildFile; fileRef = 40A156A522F8B36800213C2D /* Fast_TapUITests.swift */; };
		40A156B422F8B40E00213C2D /* GameModel.swift in Sources */ = {isa = PBXBuildFile; fileRef = 40A156B322F8B40E00213C2D /* GameModel.swift */; };
		7147CAFD22F9F3020064290A /* SuperMario256.ttf in Resources */ = {isa = PBXBuildFile; fileRef = 7147CAFC22F9F3020064290A /* SuperMario256.ttf */; };
/* End PBXBuildFile section */

/* Begin PBXContainerItemProxy section */
		40A1569722F8B36800213C2D /* PBXContainerItemProxy */ = {
			isa = PBXContainerItemProxy;
			containerPortal = 40A1567A22F8B36700213C2D /* Project object */;
			proxyType = 1;
			remoteGlobalIDString = 40A1568122F8B36700213C2D;
			remoteInfo = "Fast-Tap";
		};
		40A156A222F8B36800213C2D /* PBXContainerItemProxy */ = {
			isa = PBXContainerItemProxy;
			containerPortal = 40A1567A22F8B36700213C2D /* Project object */;
			proxyType = 1;
			remoteGlobalIDString = 40A1568122F8B36700213C2D;
			remoteInfo = "Fast-Tap";
		};
/* End PBXContainerItemProxy section */

/* Begin PBXFileReference section */
		401641BA22F91E4E009EB1F9 /* LaunchScreenViewController.swift */ = {isa = PBXFileReference; lastKnownFileType = sourcecode.swift; path = LaunchScreenViewController.swift; sourceTree = "<group>"; };
		40A1568222F8B36700213C2D /* Fast-Tap.app */ = {isa = PBXFileReference; explicitFileType = wrapper.application; includeInIndex = 0; path = "Fast-Tap.app"; sourceTree = BUILT_PRODUCTS_DIR; };
		40A1568522F8B36700213C2D /* AppDelegate.swift */ = {isa = PBXFileReference; lastKnownFileType = sourcecode.swift; path = AppDelegate.swift; sourceTree = "<group>"; };
		40A1568722F8B36700213C2D /* ViewController.swift */ = {isa = PBXFileReference; lastKnownFileType = sourcecode.swift; path = ViewController.swift; sourceTree = "<group>"; };
		40A1568A22F8B36700213C2D /* Base */ = {isa = PBXFileReference; lastKnownFileType = file.storyboard; name = Base; path = Base.lproj/Main.storyboard; sourceTree = "<group>"; };
		40A1568C22F8B36700213C2D /* Assets.xcassets */ = {isa = PBXFileReference; lastKnownFileType = folder.assetcatalog; path = Assets.xcassets; sourceTree = "<group>"; };
		40A1568F22F8B36700213C2D /* Base */ = {isa = PBXFileReference; lastKnownFileType = file.storyboard; name = Base; path = Base.lproj/LaunchScreen.storyboard; sourceTree = "<group>"; };
		40A1569122F8B36700213C2D /* Info.plist */ = {isa = PBXFileReference; lastKnownFileType = text.plist.xml; path = Info.plist; sourceTree = "<group>"; };
		40A1569622F8B36800213C2D /* Fast-TapTests.xctest */ = {isa = PBXFileReference; explicitFileType = wrapper.cfbundle; includeInIndex = 0; path = "Fast-TapTests.xctest"; sourceTree = BUILT_PRODUCTS_DIR; };
		40A1569A22F8B36800213C2D /* Fast_TapTests.swift */ = {isa = PBXFileReference; lastKnownFileType = sourcecode.swift; path = Fast_TapTests.swift; sourceTree = "<group>"; };
		40A1569C22F8B36800213C2D /* Info.plist */ = {isa = PBXFileReference; lastKnownFileType = text.plist.xml; path = Info.plist; sourceTree = "<group>"; };
		40A156A122F8B36800213C2D /* Fast-TapUITests.xctest */ = {isa = PBXFileReference; explicitFileType = wrapper.cfbundle; includeInIndex = 0; path = "Fast-TapUITests.xctest"; sourceTree = BUILT_PRODUCTS_DIR; };
		40A156A522F8B36800213C2D /* Fast_TapUITests.swift */ = {isa = PBXFileReference; lastKnownFileType = sourcecode.swift; path = Fast_TapUITests.swift; sourceTree = "<group>"; };
		40A156A722F8B36800213C2D /* Info.plist */ = {isa = PBXFileReference; lastKnownFileType = text.plist.xml; path = Info.plist; sourceTree = "<group>"; };
		40A156B322F8B40E00213C2D /* GameModel.swift */ = {isa = PBXFileReference; lastKnownFileType = sourcecode.swift; path = GameModel.swift; sourceTree = "<group>"; };
		7147CAFC22F9F3020064290A /* SuperMario256.ttf */ = {isa = PBXFileReference; lastKnownFileType = file; path = SuperMario256.ttf; sourceTree = "<group>"; };
/* End PBXFileReference section */

/* Begin PBXFrameworksBuildPhase section */
		40A1567F22F8B36700213C2D /* Frameworks */ = {
			isa = PBXFrameworksBuildPhase;
			buildActionMask = 2147483647;
			files = (
			);
			runOnlyForDeploymentPostprocessing = 0;
		};
		40A1569322F8B36800213C2D /* Frameworks */ = {
			isa = PBXFrameworksBuildPhase;
			buildActionMask = 2147483647;
			files = (
			);
			runOnlyForDeploymentPostprocessing = 0;
		};
		40A1569E22F8B36800213C2D /* Frameworks */ = {
			isa = PBXFrameworksBuildPhase;
			buildActionMask = 2147483647;
			files = (
			);
			runOnlyForDeploymentPostprocessing = 0;
		};
/* End PBXFrameworksBuildPhase section */

/* Begin PBXGroup section */
		40A1567922F8B36700213C2D = {
			isa = PBXGroup;
			children = (
				40A1568422F8B36700213C2D /* Fast-Tap */,
				40A1569922F8B36800213C2D /* Fast-TapTests */,
				40A156A422F8B36800213C2D /* Fast-TapUITests */,
				40A1568322F8B36700213C2D /* Products */,
			);
			sourceTree = "<group>";
		};
		40A1568322F8B36700213C2D /* Products */ = {
			isa = PBXGroup;
			children = (
				40A1568222F8B36700213C2D /* Fast-Tap.app */,
				40A1569622F8B36800213C2D /* Fast-TapTests.xctest */,
				40A156A122F8B36800213C2D /* Fast-TapUITests.xctest */,
			);
			name = Products;
			sourceTree = "<group>";
		};
		40A1568422F8B36700213C2D /* Fast-Tap */ = {
			isa = PBXGroup;
			children = (
				40CF54E722F8F897004558DC /* fonts */,
				40A1568522F8B36700213C2D /* AppDelegate.swift */,
				40A1568722F8B36700213C2D /* ViewController.swift */,
				40A1568922F8B36700213C2D /* Main.storyboard */,
				401641BA22F91E4E009EB1F9 /* LaunchScreenViewController.swift */,
				40A1568C22F8B36700213C2D /* Assets.xcassets */,
				40A1568E22F8B36700213C2D /* LaunchScreen.storyboard */,
				40A1569122F8B36700213C2D /* Info.plist */,
				40A156B322F8B40E00213C2D /* GameModel.swift */,
			);
			path = "Fast-Tap";
			sourceTree = "<group>";
		};
		40A1569922F8B36800213C2D /* Fast-TapTests */ = {
			isa = PBXGroup;
			children = (
				40A1569A22F8B36800213C2D /* Fast_TapTests.swift */,
				40A1569C22F8B36800213C2D /* Info.plist */,
			);
			path = "Fast-TapTests";
			sourceTree = "<group>";
		};
		40A156A422F8B36800213C2D /* Fast-TapUITests */ = {
			isa = PBXGroup;
			children = (
				40A156A522F8B36800213C2D /* Fast_TapUITests.swift */,
				40A156A722F8B36800213C2D /* Info.plist */,
			);
			path = "Fast-TapUITests";
			sourceTree = "<group>";
		};
		40CF54E722F8F897004558DC /* fonts */ = {
			isa = PBXGroup;
			children = (
				7147CAFC22F9F3020064290A /* SuperMario256.ttf */,
			);
			path = fonts;
			sourceTree = "<group>";
		};
/* End PBXGroup section */

/* Begin PBXNativeTarget section */
		40A1568122F8B36700213C2D /* Fast-Tap */ = {
			isa = PBXNativeTarget;
			buildConfigurationList = 40A156AA22F8B36800213C2D /* Build configuration list for PBXNativeTarget "Fast-Tap" */;
			buildPhases = (
				40A1567E22F8B36700213C2D /* Sources */,
				40A1567F22F8B36700213C2D /* Frameworks */,
				40A1568022F8B36700213C2D /* Resources */,
			);
			buildRules = (
			);
			dependencies = (
			);
			name = "Fast-Tap";
			productName = "Fast-Tap";
			productReference = 40A1568222F8B36700213C2D /* Fast-Tap.app */;
			productType = "com.apple.product-type.application";
		};
		40A1569522F8B36800213C2D /* Fast-TapTests */ = {
			isa = PBXNativeTarget;
			buildConfigurationList = 40A156AD22F8B36800213C2D /* Build configuration list for PBXNativeTarget "Fast-TapTests" */;
			buildPhases = (
				40A1569222F8B36800213C2D /* Sources */,
				40A1569322F8B36800213C2D /* Frameworks */,
				40A1569422F8B36800213C2D /* Resources */,
			);
			buildRules = (
			);
			dependencies = (
				40A1569822F8B36800213C2D /* PBXTargetDependency */,
			);
			name = "Fast-TapTests";
			productName = "Fast-TapTests";
			productReference = 40A1569622F8B36800213C2D /* Fast-TapTests.xctest */;
			productType = "com.apple.product-type.bundle.unit-test";
		};
		40A156A022F8B36800213C2D /* Fast-TapUITests */ = {
			isa = PBXNativeTarget;
			buildConfigurationList = 40A156B022F8B36800213C2D /* Build configuration list for PBXNativeTarget "Fast-TapUITests" */;
			buildPhases = (
				40A1569D22F8B36800213C2D /* Sources */,
				40A1569E22F8B36800213C2D /* Frameworks */,
				40A1569F22F8B36800213C2D /* Resources */,
			);
			buildRules = (
			);
			dependencies = (
				40A156A322F8B36800213C2D /* PBXTargetDependency */,
			);
			name = "Fast-TapUITests";
			productName = "Fast-TapUITests";
			productReference = 40A156A122F8B36800213C2D /* Fast-TapUITests.xctest */;
			productType = "com.apple.product-type.bundle.ui-testing";
		};
/* End PBXNativeTarget section */

/* Begin PBXProject section */
		40A1567A22F8B36700213C2D /* Project object */ = {
			isa = PBXProject;
			attributes = {
				LastSwiftUpdateCheck = 1020;
				LastUpgradeCheck = 1020;
				ORGANIZATIONNAME = "Dylan O'Leary";
				TargetAttributes = {
					40A1568122F8B36700213C2D = {
						CreatedOnToolsVersion = 10.2.1;
					};
					40A1569522F8B36800213C2D = {
						CreatedOnToolsVersion = 10.2.1;
						TestTargetID = 40A1568122F8B36700213C2D;
					};
					40A156A022F8B36800213C2D = {
						CreatedOnToolsVersion = 10.2.1;
						TestTargetID = 40A1568122F8B36700213C2D;
					};
				};
			};
			buildConfigurationList = 40A1567D22F8B36700213C2D /* Build configuration list for PBXProject "Fast-Tap" */;
			compatibilityVersion = "Xcode 9.3";
			developmentRegion = en;
			hasScannedForEncodings = 0;
			knownRegions = (
				en,
				Base,
			);
			mainGroup = 40A1567922F8B36700213C2D;
			productRefGroup = 40A1568322F8B36700213C2D /* Products */;
			projectDirPath = "";
			projectRoot = "";
			targets = (
				40A1568122F8B36700213C2D /* Fast-Tap */,
				40A1569522F8B36800213C2D /* Fast-TapTests */,
				40A156A022F8B36800213C2D /* Fast-TapUITests */,
			);
		};
/* End PBXProject section */

/* Begin PBXResourcesBuildPhase section */
		40A1568022F8B36700213C2D /* Resources */ = {
			isa = PBXResourcesBuildPhase;
			buildActionMask = 2147483647;
			files = (
				40A1569022F8B36700213C2D /* LaunchScreen.storyboard in Resources */,
				7147CAFD22F9F3020064290A /* SuperMario256.ttf in Resources */,
				40A1568D22F8B36700213C2D /* Assets.xcassets in Resources */,
				40A1568B22F8B36700213C2D /* Main.storyboard in Resources */,
			);
			runOnlyForDeploymentPostprocessing = 0;
		};
		40A1569422F8B36800213C2D /* Resources */ = {
			isa = PBXResourcesBuildPhase;
			buildActionMask = 2147483647;
			files = (
			);
			runOnlyForDeploymentPostprocessing = 0;
		};
		40A1569F22F8B36800213C2D /* Resources */ = {
			isa = PBXResourcesBuildPhase;
			buildActionMask = 2147483647;
			files = (
			);
			runOnlyForDeploymentPostprocessing = 0;
		};
/* End PBXResourcesBuildPhase section */

/* Begin PBXSourcesBuildPhase section */
		40A1567E22F8B36700213C2D /* Sources */ = {
			isa = PBXSourcesBuildPhase;
			buildActionMask = 2147483647;
			files = (
				40A1568822F8B36700213C2D /* ViewController.swift in Sources */,
				40A1568622F8B36700213C2D /* AppDelegate.swift in Sources */,
				401641BB22F91E4E009EB1F9 /* LaunchScreenViewController.swift in Sources */,
				40A156B422F8B40E00213C2D /* GameModel.swift in Sources */,
			);
			runOnlyForDeploymentPostprocessing = 0;
		};
		40A1569222F8B36800213C2D /* Sources */ = {
			isa = PBXSourcesBuildPhase;
			buildActionMask = 2147483647;
			files = (
				40A1569B22F8B36800213C2D /* Fast_TapTests.swift in Sources */,
			);
			runOnlyForDeploymentPostprocessing = 0;
		};
		40A1569D22F8B36800213C2D /* Sources */ = {
			isa = PBXSourcesBuildPhase;
			buildActionMask = 2147483647;
			files = (
				40A156A622F8B36800213C2D /* Fast_TapUITests.swift in Sources */,
			);
			runOnlyForDeploymentPostprocessing = 0;
		};
/* End PBXSourcesBuildPhase section */

/* Begin PBXTargetDependency section */
		40A1569822F8B36800213C2D /* PBXTargetDependency */ = {
			isa = PBXTargetDependency;
			target = 40A1568122F8B36700213C2D /* Fast-Tap */;
			targetProxy = 40A1569722F8B36800213C2D /* PBXContainerItemProxy */;
		};
		40A156A322F8B36800213C2D /* PBXTargetDependency */ = {
			isa = PBXTargetDependency;
			target = 40A1568122F8B36700213C2D /* Fast-Tap */;
			targetProxy = 40A156A222F8B36800213C2D /* PBXContainerItemProxy */;
		};
/* End PBXTargetDependency section */

/* Begin PBXVariantGroup section */
		40A1568922F8B36700213C2D /* Main.storyboard */ = {
			isa = PBXVariantGroup;
			children = (
				40A1568A22F8B36700213C2D /* Base */,
			);
			name = Main.storyboard;
			sourceTree = "<group>";
		};
		40A1568E22F8B36700213C2D /* LaunchScreen.storyboard */ = {
			isa = PBXVariantGroup;
			children = (
				40A1568F22F8B36700213C2D /* Base */,
			);
			name = LaunchScreen.storyboard;
			sourceTree = "<group>";
		};
/* End PBXVariantGroup section */

/* Begin XCBuildConfiguration section */
		40A156A822F8B36800213C2D /* Debug */ = {
			isa = XCBuildConfiguration;
			buildSettings = {
				ALWAYS_SEARCH_USER_PATHS = NO;
				CLANG_ANALYZER_NONNULL = YES;
				CLANG_ANALYZER_NUMBER_OBJECT_CONVERSION = YES_AGGRESSIVE;
				CLANG_CXX_LANGUAGE_STANDARD = "gnu++14";
				CLANG_CXX_LIBRARY = "libc++";
				CLANG_ENABLE_MODULES = YES;
				CLANG_ENABLE_OBJC_ARC = YES;
				CLANG_ENABLE_OBJC_WEAK = YES;
				CLANG_WARN_BLOCK_CAPTURE_AUTORELEASING = YES;
				CLANG_WARN_BOOL_CONVERSION = YES;
				CLANG_WARN_COMMA = YES;
				CLANG_WARN_CONSTANT_CONVERSION = YES;
				CLANG_WARN_DEPRECATED_OBJC_IMPLEMENTATIONS = YES;
				CLANG_WARN_DIRECT_OBJC_ISA_USAGE = YES_ERROR;
				CLANG_WARN_DOCUMENTATION_COMMENTS = YES;
				CLANG_WARN_EMPTY_BODY = YES;
				CLANG_WARN_ENUM_CONVERSION = YES;
				CLANG_WARN_INFINITE_RECURSION = YES;
				CLANG_WARN_INT_CONVERSION = YES;
				CLANG_WARN_NON_LITERAL_NULL_CONVERSION = YES;
				CLANG_WARN_OBJC_IMPLICIT_RETAIN_SELF = YES;
				CLANG_WARN_OBJC_LITERAL_CONVERSION = YES;
				CLANG_WARN_OBJC_ROOT_CLASS = YES_ERROR;
				CLANG_WARN_RANGE_LOOP_ANALYSIS = YES;
				CLANG_WARN_STRICT_PROTOTYPES = YES;
				CLANG_WARN_SUSPICIOUS_MOVE = YES;
				CLANG_WARN_UNGUARDED_AVAILABILITY = YES_AGGRESSIVE;
				CLANG_WARN_UNREACHABLE_CODE = YES;
				CLANG_WARN__DUPLICATE_METHOD_MATCH = YES;
				CODE_SIGN_IDENTITY = "iPhone Developer";
				COPY_PHASE_STRIP = NO;
				DEBUG_INFORMATION_FORMAT = dwarf;
				ENABLE_STRICT_OBJC_MSGSEND = YES;
				ENABLE_TESTABILITY = YES;
				GCC_C_LANGUAGE_STANDARD = gnu11;
				GCC_DYNAMIC_NO_PIC = NO;
				GCC_NO_COMMON_BLOCKS = YES;
				GCC_OPTIMIZATION_LEVEL = 0;
				GCC_PREPROCESSOR_DEFINITIONS = (
					"DEBUG=1",
					"$(inherited)",
				);
				GCC_WARN_64_TO_32_BIT_CONVERSION = YES;
				GCC_WARN_ABOUT_RETURN_TYPE = YES_ERROR;
				GCC_WARN_UNDECLARED_SELECTOR = YES;
				GCC_WARN_UNINITIALIZED_AUTOS = YES_AGGRESSIVE;
				GCC_WARN_UNUSED_FUNCTION = YES;
				GCC_WARN_UNUSED_VARIABLE = YES;
				IPHONEOS_DEPLOYMENT_TARGET = 12.2;
				MTL_ENABLE_DEBUG_INFO = INCLUDE_SOURCE;
				MTL_FAST_MATH = YES;
				ONLY_ACTIVE_ARCH = YES;
				SDKROOT = iphoneos;
				SWIFT_ACTIVE_COMPILATION_CONDITIONS = DEBUG;
				SWIFT_OPTIMIZATION_LEVEL = "-Onone";
			};
			name = Debug;
		};
		40A156A922F8B36800213C2D /* Release */ = {
			isa = XCBuildConfiguration;
			buildSettings = {
				ALWAYS_SEARCH_USER_PATHS = NO;
				CLANG_ANALYZER_NONNULL = YES;
				CLANG_ANALYZER_NUMBER_OBJECT_CONVERSION = YES_AGGRESSIVE;
				CLANG_CXX_LANGUAGE_STANDARD = "gnu++14";
				CLANG_CXX_LIBRARY = "libc++";
				CLANG_ENABLE_MODULES = YES;
				CLANG_ENABLE_OBJC_ARC = YES;
				CLANG_ENABLE_OBJC_WEAK = YES;
				CLANG_WARN_BLOCK_CAPTURE_AUTORELEASING = YES;
				CLANG_WARN_BOOL_CONVERSION = YES;
				CLANG_WARN_COMMA = YES;
				CLANG_WARN_CONSTANT_CONVERSION = YES;
				CLANG_WARN_DEPRECATED_OBJC_IMPLEMENTATIONS = YES;
				CLANG_WARN_DIRECT_OBJC_ISA_USAGE = YES_ERROR;
				CLANG_WARN_DOCUMENTATION_COMMENTS = YES;
				CLANG_WARN_EMPTY_BODY = YES;
				CLANG_WARN_ENUM_CONVERSION = YES;
				CLANG_WARN_INFINITE_RECURSION = YES;
				CLANG_WARN_INT_CONVERSION = YES;
				CLANG_WARN_NON_LITERAL_NULL_CONVERSION = YES;
				CLANG_WARN_OBJC_IMPLICIT_RETAIN_SELF = YES;
				CLANG_WARN_OBJC_LITERAL_CONVERSION = YES;
				CLANG_WARN_OBJC_ROOT_CLASS = YES_ERROR;
				CLANG_WARN_RANGE_LOOP_ANALYSIS = YES;
				CLANG_WARN_STRICT_PROTOTYPES = YES;
				CLANG_WARN_SUSPICIOUS_MOVE = YES;
				CLANG_WARN_UNGUARDED_AVAILABILITY = YES_AGGRESSIVE;
				CLANG_WARN_UNREACHABLE_CODE = YES;
				CLANG_WARN__DUPLICATE_METHOD_MATCH = YES;
				CODE_SIGN_IDENTITY = "iPhone Developer";
				COPY_PHASE_STRIP = NO;
				DEBUG_INFORMATION_FORMAT = "dwarf-with-dsym";
				ENABLE_NS_ASSERTIONS = NO;
				ENABLE_STRICT_OBJC_MSGSEND = YES;
				GCC_C_LANGUAGE_STANDARD = gnu11;
				GCC_NO_COMMON_BLOCKS = YES;
				GCC_WARN_64_TO_32_BIT_CONVERSION = YES;
				GCC_WARN_ABOUT_RETURN_TYPE = YES_ERROR;
				GCC_WARN_UNDECLARED_SELECTOR = YES;
				GCC_WARN_UNINITIALIZED_AUTOS = YES_AGGRESSIVE;
				GCC_WARN_UNUSED_FUNCTION = YES;
				GCC_WARN_UNUSED_VARIABLE = YES;
				IPHONEOS_DEPLOYMENT_TARGET = 12.2;
				MTL_ENABLE_DEBUG_INFO = NO;
				MTL_FAST_MATH = YES;
				SDKROOT = iphoneos;
				SWIFT_COMPILATION_MODE = wholemodule;
				SWIFT_OPTIMIZATION_LEVEL = "-O";
				VALIDATE_PRODUCT = YES;
			};
			name = Release;
		};
		40A156AB22F8B36800213C2D /* Debug */ = {
			isa = XCBuildConfiguration;
			buildSettings = {
				ASSETCATALOG_COMPILER_APPICON_NAME = AppIcon;
				CODE_SIGN_STYLE = Automatic;
				INFOPLIST_FILE = "Fast-Tap/Info.plist";
				LD_RUNPATH_SEARCH_PATHS = (
					"$(inherited)",
					"@executable_path/Frameworks",
				);
				PRODUCT_BUNDLE_IDENTIFIER = "com.dylan-oleary.Fast-Tap";
				PRODUCT_NAME = "$(TARGET_NAME)";
				SWIFT_VERSION = 5.0;
				TARGETED_DEVICE_FAMILY = "1,2";
			};
			name = Debug;
		};
		40A156AC22F8B36800213C2D /* Release */ = {
			isa = XCBuildConfiguration;
			buildSettings = {
				ASSETCATALOG_COMPILER_APPICON_NAME = AppIcon;
				CODE_SIGN_STYLE = Automatic;
				INFOPLIST_FILE = "Fast-Tap/Info.plist";
				LD_RUNPATH_SEARCH_PATHS = (
					"$(inherited)",
					"@executable_path/Frameworks",
				);
				PRODUCT_BUNDLE_IDENTIFIER = "com.dylan-oleary.Fast-Tap";
				PRODUCT_NAME = "$(TARGET_NAME)";
				SWIFT_VERSION = 5.0;
				TARGETED_DEVICE_FAMILY = "1,2";
			};
			name = Release;
		};
		40A156AE22F8B36800213C2D /* Debug */ = {
			isa = XCBuildConfiguration;
			buildSettings = {
				ALWAYS_EMBED_SWIFT_STANDARD_LIBRARIES = YES;
				BUNDLE_LOADER = "$(TEST_HOST)";
				CODE_SIGN_STYLE = Automatic;
				INFOPLIST_FILE = "Fast-TapTests/Info.plist";
				LD_RUNPATH_SEARCH_PATHS = (
					"$(inherited)",
					"@executable_path/Frameworks",
					"@loader_path/Frameworks",
				);
				PRODUCT_BUNDLE_IDENTIFIER = "com.dylan-oleary.Fast-TapTests";
				PRODUCT_NAME = "$(TARGET_NAME)";
				SWIFT_VERSION = 5.0;
				TARGETED_DEVICE_FAMILY = "1,2";
				TEST_HOST = "$(BUILT_PRODUCTS_DIR)/Fast-Tap.app/Fast-Tap";
			};
			name = Debug;
		};
		40A156AF22F8B36800213C2D /* Release */ = {
			isa = XCBuildConfiguration;
			buildSettings = {
				ALWAYS_EMBED_SWIFT_STANDARD_LIBRARIES = YES;
				BUNDLE_LOADER = "$(TEST_HOST)";
				CODE_SIGN_STYLE = Automatic;
				INFOPLIST_FILE = "Fast-TapTests/Info.plist";
				LD_RUNPATH_SEARCH_PATHS = (
					"$(inherited)",
					"@executable_path/Frameworks",
					"@loader_path/Frameworks",
				);
				PRODUCT_BUNDLE_IDENTIFIER = "com.dylan-oleary.Fast-TapTests";
				PRODUCT_NAME = "$(TARGET_NAME)";
				SWIFT_VERSION = 5.0;
				TARGETED_DEVICE_FAMILY = "1,2";
				TEST_HOST = "$(BUILT_PRODUCTS_DIR)/Fast-Tap.app/Fast-Tap";
			};
			name = Release;
		};
		40A156B122F8B36800213C2D /* Debug */ = {
			isa = XCBuildConfiguration;
			buildSettings = {
				ALWAYS_EMBED_SWIFT_STANDARD_LIBRARIES = YES;
				CODE_SIGN_STYLE = Automatic;
				INFOPLIST_FILE = "Fast-TapUITests/Info.plist";
				LD_RUNPATH_SEARCH_PATHS = (
					"$(inherited)",
					"@executable_path/Frameworks",
					"@loader_path/Frameworks",
				);
				PRODUCT_BUNDLE_IDENTIFIER = "com.dylan-oleary.Fast-TapUITests";
				PRODUCT_NAME = "$(TARGET_NAME)";
				SWIFT_VERSION = 5.0;
				TARGETED_DEVICE_FAMILY = "1,2";
				TEST_TARGET_NAME = "Fast-Tap";
			};
			name = Debug;
		};
		40A156B222F8B36800213C2D /* Release */ = {
			isa = XCBuildConfiguration;
			buildSettings = {
				ALWAYS_EMBED_SWIFT_STANDARD_LIBRARIES = YES;
				CODE_SIGN_STYLE = Automatic;
				INFOPLIST_FILE = "Fast-TapUITests/Info.plist";
				LD_RUNPATH_SEARCH_PATHS = (
					"$(inherited)",
					"@executable_path/Frameworks",
					"@loader_path/Frameworks",
				);
				PRODUCT_BUNDLE_IDENTIFIER = "com.dylan-oleary.Fast-TapUITests";
				PRODUCT_NAME = "$(TARGET_NAME)";
				SWIFT_VERSION = 5.0;
				TARGETED_DEVICE_FAMILY = "1,2";
				TEST_TARGET_NAME = "Fast-Tap";
			};
			name = Release;
		};
/* End XCBuildConfiguration section */

/* Begin XCConfigurationList section */
		40A1567D22F8B36700213C2D /* Build configuration list for PBXProject "Fast-Tap" */ = {
			isa = XCConfigurationList;
			buildConfigurations = (
				40A156A822F8B36800213C2D /* Debug */,
				40A156A922F8B36800213C2D /* Release */,
			);
			defaultConfigurationIsVisible = 0;
			defaultConfigurationName = Release;
		};
		40A156AA22F8B36800213C2D /* Build configuration list for PBXNativeTarget "Fast-Tap" */ = {
			isa = XCConfigurationList;
			buildConfigurations = (
				40A156AB22F8B36800213C2D /* Debug */,
				40A156AC22F8B36800213C2D /* Release */,
			);
			defaultConfigurationIsVisible = 0;
			defaultConfigurationName = Release;
		};
		40A156AD22F8B36800213C2D /* Build configuration list for PBXNativeTarget "Fast-TapTests" */ = {
			isa = XCConfigurationList;
			buildConfigurations = (
				40A156AE22F8B36800213C2D /* Debug */,
				40A156AF22F8B36800213C2D /* Release */,
			);
			defaultConfigurationIsVisible = 0;
			defaultConfigurationName = Release;
		};
		40A156B022F8B36800213C2D /* Build configuration list for PBXNativeTarget "Fast-TapUITests" */ = {
			isa = XCConfigurationList;
			buildConfigurations = (
				40A156B122F8B36800213C2D /* Debug */,
				40A156B222F8B36800213C2D /* Release */,
			);
			defaultConfigurationIsVisible = 0;
			defaultConfigurationName = Release;
		};
/* End XCConfigurationList section */
	};
	rootObject = 40A1567A22F8B36700213C2D /* Project object */;
}
